
Microsoft Visual Studio Solution File, Format Version 12.00
# Visual Studio 15
VisualStudioVersion = 15.0.27004.2002
MinimumVisualStudioVersion = 10.0.40219.1
Project("{FAE04EC0-301F-11D3-BF4B-00C04F79EFBC}") = "xml-config-manager", "xml-config-manager\xml-config-manager.csproj", "{48308E12-D273-43A6-8058-54DDDC59252C}"
EndProject
Global
	GlobalSection(SolutionConfigurationPlatforms) = preSolution
		Debug|Any CPU = Debug|Any CPU
		Release|Any CPU = Release|Any CPU
	EndGlobalSection
	GlobalSection(ProjectConfigurationPlatforms) = postSolution
		{48308E12-D273-43A6-8058-54DDDC59252C}.Debug|Any CPU.ActiveCfg = Debug|Any CPU
		{48308E12-D273-43A6-8058-54DDDC59252C}.Debug|Any CPU.Build.0 = Debug|Any CPU
		{48308E12-D273-43A6-8058-54DDDC59252C}.Release|Any CPU.ActiveCfg = Release|Any CPU
		{48308E12-D273-43A6-8058-54DDDC59252C}.Release|Any CPU.Build.0 = Release|Any CPU
	EndGlobalSection
	GlobalSection(SolutionProperties) = preSolution
		HideSolutionNode = FALSE
	EndGlobalSection
	GlobalSection(ExtensibilityGlobals) = postSolution
		SolutionGuid = {FF91BF78-9902-45CF-9A61-4BA93EA24C89}
	EndGlobalSection
EndGlobal
